// !$*UTF8*$!
{
	archiveVersion = 1;
	classes = {
	};
	objectVersion = 56;
	objects = {

/* Begin PBXBuildFile section */
		286684F2109029BEA75CCABF /* Pods_PokeProject.framework in Frameworks */ = {isa = PBXBuildFile; fileRef = 20E8995E6C785F809D459AEF /* Pods_PokeProject.framework */; };
		CE25F151291D223B008FC96A /* StringOperator.swift in Sources */ = {isa = PBXBuildFile; fileRef = CE25F150291D223B008FC96A /* StringOperator.swift */; };
		CE25F156291D2399008FC96A /* Localizable.strings in Resources */ = {isa = PBXBuildFile; fileRef = CE25F158291D2399008FC96A /* Localizable.strings */; };
		CE47BB9D290C0A2000F5956E /* NamesListModel.swift in Sources */ = {isa = PBXBuildFile; fileRef = CE47BB9C290C0A2000F5956E /* NamesListModel.swift */; };
		CE47BB9F290C0C0300F5956E /* NamesListTableViewModel.swift in Sources */ = {isa = PBXBuildFile; fileRef = CE47BB9E290C0C0300F5956E /* NamesListTableViewModel.swift */; };
		CE47BBA1290C0CF300F5956E /* TableViewModelType.swift in Sources */ = {isa = PBXBuildFile; fileRef = CE47BBA0290C0CF300F5956E /* TableViewModelType.swift */; };
		CE47BBA6290C0F6400F5956E /* NamesListTableViewCell.swift in Sources */ = {isa = PBXBuildFile; fileRef = CE47BBA5290C0F6400F5956E /* NamesListTableViewCell.swift */; };
		CE47BBA9290C12E800F5956E /* NamesListTableViewCellViewModel.swift in Sources */ = {isa = PBXBuildFile; fileRef = CE47BBA8290C12E800F5956E /* NamesListTableViewCellViewModel.swift */; };
		CE47BBAB290C136F00F5956E /* TableViewCellViewModelType.swift in Sources */ = {isa = PBXBuildFile; fileRef = CE47BBAA290C136F00F5956E /* TableViewCellViewModelType.swift */; };
		CE47BBAC290C1AAC00F5956E /* Main.storyboard in Resources */ = {isa = PBXBuildFile; fileRef = CE7E65EB290B0C5500621DB6 /* Main.storyboard */; };
		CE47BBAD290C1B8D00F5956E /* NamesListVC.swift in Sources */ = {isa = PBXBuildFile; fileRef = CE47BB9A290C075200F5956E /* NamesListVC.swift */; };
		CE7BA4742912B13400A9E613 /* RealmPokeModel.swift in Sources */ = {isa = PBXBuildFile; fileRef = CE7BA4732912B13400A9E613 /* RealmPokeModel.swift */; };
		CE7BA4762912B22100A9E613 /* RealmManager.swift in Sources */ = {isa = PBXBuildFile; fileRef = CE7BA4752912B22100A9E613 /* RealmManager.swift */; };
		CE7E65E6290B0C5500621DB6 /* AppDelegate.swift in Sources */ = {isa = PBXBuildFile; fileRef = CE7E65E5290B0C5500621DB6 /* AppDelegate.swift */; };
		CE7E65E8290B0C5500621DB6 /* SceneDelegate.swift in Sources */ = {isa = PBXBuildFile; fileRef = CE7E65E7290B0C5500621DB6 /* SceneDelegate.swift */; };
		CE7E65EF290B0C5700621DB6 /* Assets.xcassets in Resources */ = {isa = PBXBuildFile; fileRef = CE7E65EE290B0C5700621DB6 /* Assets.xcassets */; };
		CE7E65F2290B0C5700621DB6 /* LaunchScreen.storyboard in Resources */ = {isa = PBXBuildFile; fileRef = CE7E65F0290B0C5700621DB6 /* LaunchScreen.storyboard */; };
		CEE186342912BAEB0036B89F /* NetworkMonitor.swift in Sources */ = {isa = PBXBuildFile; fileRef = CEE186332912BAEB0036B89F /* NetworkMonitor.swift */; };
		CEEA3392290FC3FE00659C6E /* NetworkManager.swift in Sources */ = {isa = PBXBuildFile; fileRef = CEEA3391290FC3FE00659C6E /* NetworkManager.swift */; };
		CEEA3394290FC64C00659C6E /* NamesListMainModel.swift in Sources */ = {isa = PBXBuildFile; fileRef = CEEA3393290FC64C00659C6E /* NamesListMainModel.swift */; };
		CEEA3396290FCB0E00659C6E /* NetworkDataFetcher.swift in Sources */ = {isa = PBXBuildFile; fileRef = CEEA3395290FCB0E00659C6E /* NetworkDataFetcher.swift */; };
		CEEA33A52911D1F300659C6E /* NamesListViewModel.swift in Sources */ = {isa = PBXBuildFile; fileRef = CEEA33A42911D1F300659C6E /* NamesListViewModel.swift */; };
		CEEA33AB2911DB4400659C6E /* DetailsVC.swift in Sources */ = {isa = PBXBuildFile; fileRef = CEEA33AA2911DB4400659C6E /* DetailsVC.swift */; };
		CEEA33AD2911DE0300659C6E /* DetailsViewModel.swift in Sources */ = {isa = PBXBuildFile; fileRef = CEEA33AC2911DE0300659C6E /* DetailsViewModel.swift */; };
		CEEA33AF2911DF2E00659C6E /* DetailsNetworkModel.swift in Sources */ = {isa = PBXBuildFile; fileRef = CEEA33AE2911DF2E00659C6E /* DetailsNetworkModel.swift */; };
		CEEA33B12911E81800659C6E /* DetailsModel.swift in Sources */ = {isa = PBXBuildFile; fileRef = CEEA33B02911E81800659C6E /* DetailsModel.swift */; };
		CEEA33B32912913100659C6E /* UIIamgeViewExtension.swift in Sources */ = {isa = PBXBuildFile; fileRef = CEEA33B22912913000659C6E /* UIIamgeViewExtension.swift */; };
/* End PBXBuildFile section */

/* Begin PBXFileReference section */
		20E8995E6C785F809D459AEF /* Pods_PokeProject.framework */ = {isa = PBXFileReference; explicitFileType = wrapper.framework; includeInIndex = 0; path = Pods_PokeProject.framework; sourceTree = BUILT_PRODUCTS_DIR; };
		8E5723AEAF8BBD8BEB055130 /* Pods-PokeProject.release.xcconfig */ = {isa = PBXFileReference; includeInIndex = 1; lastKnownFileType = text.xcconfig; name = "Pods-PokeProject.release.xcconfig"; path = "Target Support Files/Pods-PokeProject/Pods-PokeProject.release.xcconfig"; sourceTree = "<group>"; };
		A46F0CF8F28EE6BD312266B6 /* Pods-PokeProject.debug.xcconfig */ = {isa = PBXFileReference; includeInIndex = 1; lastKnownFileType = text.xcconfig; name = "Pods-PokeProject.debug.xcconfig"; path = "Target Support Files/Pods-PokeProject/Pods-PokeProject.debug.xcconfig"; sourceTree = "<group>"; };
		CE25F150291D223B008FC96A /* StringOperator.swift */ = {isa = PBXFileReference; lastKnownFileType = sourcecode.swift; path = StringOperator.swift; sourceTree = "<group>"; };
		CE25F152291D22CE008FC96A /* ru */ = {isa = PBXFileReference; lastKnownFileType = text.plist.strings; name = ru; path = ru.lproj/Main.strings; sourceTree = "<group>"; };
		CE25F153291D22CF008FC96A /* ru */ = {isa = PBXFileReference; lastKnownFileType = text.plist.strings; name = ru; path = ru.lproj/LaunchScreen.strings; sourceTree = "<group>"; };
		CE25F157291D2399008FC96A /* en */ = {isa = PBXFileReference; lastKnownFileType = text.plist.strings; name = en; path = en.lproj/Localizable.strings; sourceTree = "<group>"; };
		CE25F159291D239E008FC96A /* ru */ = {isa = PBXFileReference; lastKnownFileType = text.plist.strings; name = ru; path = ru.lproj/Localizable.strings; sourceTree = "<group>"; };
		CE47BB9A290C075200F5956E /* NamesListVC.swift */ = {isa = PBXFileReference; lastKnownFileType = sourcecode.swift; path = NamesListVC.swift; sourceTree = "<group>"; };
		CE47BB9C290C0A2000F5956E /* NamesListModel.swift */ = {isa = PBXFileReference; lastKnownFileType = sourcecode.swift; path = NamesListModel.swift; sourceTree = "<group>"; };
		CE47BB9E290C0C0300F5956E /* NamesListTableViewModel.swift */ = {isa = PBXFileReference; lastKnownFileType = sourcecode.swift; path = NamesListTableViewModel.swift; sourceTree = "<group>"; };
		CE47BBA0290C0CF300F5956E /* TableViewModelType.swift */ = {isa = PBXFileReference; lastKnownFileType = sourcecode.swift; path = TableViewModelType.swift; sourceTree = "<group>"; };
		CE47BBA5290C0F6400F5956E /* NamesListTableViewCell.swift */ = {isa = PBXFileReference; lastKnownFileType = sourcecode.swift; path = NamesListTableViewCell.swift; sourceTree = "<group>"; };
		CE47BBA8290C12E800F5956E /* NamesListTableViewCellViewModel.swift */ = {isa = PBXFileReference; lastKnownFileType = sourcecode.swift; path = NamesListTableViewCellViewModel.swift; sourceTree = "<group>"; };
		CE47BBAA290C136F00F5956E /* TableViewCellViewModelType.swift */ = {isa = PBXFileReference; lastKnownFileType = sourcecode.swift; path = TableViewCellViewModelType.swift; sourceTree = "<group>"; };
		CE7BA4732912B13400A9E613 /* RealmPokeModel.swift */ = {isa = PBXFileReference; lastKnownFileType = sourcecode.swift; path = RealmPokeModel.swift; sourceTree = "<group>"; };
		CE7BA4752912B22100A9E613 /* RealmManager.swift */ = {isa = PBXFileReference; lastKnownFileType = sourcecode.swift; path = RealmManager.swift; sourceTree = "<group>"; };
		CE7E65E2290B0C5500621DB6 /* PokeProject.app */ = {isa = PBXFileReference; explicitFileType = wrapper.application; includeInIndex = 0; path = PokeProject.app; sourceTree = BUILT_PRODUCTS_DIR; };
		CE7E65E5290B0C5500621DB6 /* AppDelegate.swift */ = {isa = PBXFileReference; lastKnownFileType = sourcecode.swift; path = AppDelegate.swift; sourceTree = "<group>"; };
		CE7E65E7290B0C5500621DB6 /* SceneDelegate.swift */ = {isa = PBXFileReference; lastKnownFileType = sourcecode.swift; path = SceneDelegate.swift; sourceTree = "<group>"; };
		CE7E65EC290B0C5500621DB6 /* Base */ = {isa = PBXFileReference; lastKnownFileType = file.storyboard; name = Base; path = Base.lproj/Main.storyboard; sourceTree = "<group>"; };
		CE7E65EE290B0C5700621DB6 /* Assets.xcassets */ = {isa = PBXFileReference; lastKnownFileType = folder.assetcatalog; path = Assets.xcassets; sourceTree = "<group>"; };
		CE7E65F1290B0C5700621DB6 /* Base */ = {isa = PBXFileReference; lastKnownFileType = file.storyboard; name = Base; path = Base.lproj/LaunchScreen.storyboard; sourceTree = "<group>"; };
		CE7E65F3290B0C5700621DB6 /* Info.plist */ = {isa = PBXFileReference; lastKnownFileType = text.plist.xml; path = Info.plist; sourceTree = "<group>"; };
		CEE186332912BAEB0036B89F /* NetworkMonitor.swift */ = {isa = PBXFileReference; lastKnownFileType = sourcecode.swift; path = NetworkMonitor.swift; sourceTree = "<group>"; };
		CEEA3391290FC3FE00659C6E /* NetworkManager.swift */ = {isa = PBXFileReference; lastKnownFileType = sourcecode.swift; path = NetworkManager.swift; sourceTree = "<group>"; };
		CEEA3393290FC64C00659C6E /* NamesListMainModel.swift */ = {isa = PBXFileReference; lastKnownFileType = sourcecode.swift; path = NamesListMainModel.swift; sourceTree = "<group>"; };
		CEEA3395290FCB0E00659C6E /* NetworkDataFetcher.swift */ = {isa = PBXFileReference; lastKnownFileType = sourcecode.swift; path = NetworkDataFetcher.swift; sourceTree = "<group>"; };
		CEEA33A42911D1F300659C6E /* NamesListViewModel.swift */ = {isa = PBXFileReference; lastKnownFileType = sourcecode.swift; path = NamesListViewModel.swift; sourceTree = "<group>"; };
		CEEA33AA2911DB4400659C6E /* DetailsVC.swift */ = {isa = PBXFileReference; lastKnownFileType = sourcecode.swift; path = DetailsVC.swift; sourceTree = "<group>"; };
		CEEA33AC2911DE0300659C6E /* DetailsViewModel.swift */ = {isa = PBXFileReference; lastKnownFileType = sourcecode.swift; path = DetailsViewModel.swift; sourceTree = "<group>"; };
		CEEA33AE2911DF2E00659C6E /* DetailsNetworkModel.swift */ = {isa = PBXFileReference; lastKnownFileType = sourcecode.swift; path = DetailsNetworkModel.swift; sourceTree = "<group>"; };
		CEEA33B02911E81800659C6E /* DetailsModel.swift */ = {isa = PBXFileReference; lastKnownFileType = sourcecode.swift; path = DetailsModel.swift; sourceTree = "<group>"; };
		CEEA33B22912913000659C6E /* UIIamgeViewExtension.swift */ = {isa = PBXFileReference; lastKnownFileType = sourcecode.swift; path = UIIamgeViewExtension.swift; sourceTree = "<group>"; };
/* End PBXFileReference section */

/* Begin PBXFrameworksBuildPhase section */
		CE7E65DF290B0C5500621DB6 /* Frameworks */ = {
			isa = PBXFrameworksBuildPhase;
			buildActionMask = 2147483647;
			files = (
				286684F2109029BEA75CCABF /* Pods_PokeProject.framework in Frameworks */,
			);
			runOnlyForDeploymentPostprocessing = 0;
		};
/* End PBXFrameworksBuildPhase section */

/* Begin PBXGroup section */
		817CCE94E10E29CC100C8DA7 /* Pods */ = {
			isa = PBXGroup;
			children = (
				A46F0CF8F28EE6BD312266B6 /* Pods-PokeProject.debug.xcconfig */,
				8E5723AEAF8BBD8BEB055130 /* Pods-PokeProject.release.xcconfig */,
			);
			path = Pods;
			sourceTree = "<group>";
		};
		9E21E71E287A2F09E0AF5DE4 /* Frameworks */ = {
			isa = PBXGroup;
			children = (
				20E8995E6C785F809D459AEF /* Pods_PokeProject.framework */,
			);
			name = Frameworks;
			sourceTree = "<group>";
		};
		CE25F14E291D21DE008FC96A /* Supporting Files */ = {
			isa = PBXGroup;
			children = (
				CE7E65EE290B0C5700621DB6 /* Assets.xcassets */,
				CE25F14F291D220D008FC96A /* Extensions */,
				CE47BBA3290C0DE900F5956E /* Protocols */,
				CE25F158291D2399008FC96A /* Localizable.strings */,
			);
			path = "Supporting Files";
			sourceTree = "<group>";
		};
		CE25F14F291D220D008FC96A /* Extensions */ = {
			isa = PBXGroup;
			children = (
				CEEA33B22912913000659C6E /* UIIamgeViewExtension.swift */,
				CE25F150291D223B008FC96A /* StringOperator.swift */,
			);
			path = Extensions;
			sourceTree = "<group>";
		};
		CE47BBA2290C0DC600F5956E /* Model */ = {
			isa = PBXGroup;
			children = (
				CE47BB9C290C0A2000F5956E /* NamesListModel.swift */,
				CEEA33B02911E81800659C6E /* DetailsModel.swift */,
			);
			path = Model;
			sourceTree = "<group>";
		};
		CE47BBA3290C0DE900F5956E /* Protocols */ = {
			isa = PBXGroup;
			children = (
				CE47BBA0290C0CF300F5956E /* TableViewModelType.swift */,
				CE47BBAA290C136F00F5956E /* TableViewCellViewModelType.swift */,
			);
			path = Protocols;
			sourceTree = "<group>";
		};
		CE47BBA4290C0E1400F5956E /* View */ = {
			isa = PBXGroup;
			children = (
				CE47BB9A290C075200F5956E /* NamesListVC.swift */,
				CEEA33AA2911DB4400659C6E /* DetailsVC.swift */,
				CE47BBA5290C0F6400F5956E /* NamesListTableViewCell.swift */,
				CEEA33A72911DA7F00659C6E /* Storyboards */,
			);
			path = View;
			sourceTree = "<group>";
		};
		CE47BBA7290C12BE00F5956E /* ViewModel */ = {
			isa = PBXGroup;
			children = (
				CE47BBA8290C12E800F5956E /* NamesListTableViewCellViewModel.swift */,
				CE47BB9E290C0C0300F5956E /* NamesListTableViewModel.swift */,
				CEEA33A42911D1F300659C6E /* NamesListViewModel.swift */,
				CEEA33AC2911DE0300659C6E /* DetailsViewModel.swift */,
			);
			path = ViewModel;
			sourceTree = "<group>";
		};
		CE7BA4722912B07D00A9E613 /* Realm */ = {
			isa = PBXGroup;
			children = (
				CE7BA4732912B13400A9E613 /* RealmPokeModel.swift */,
				CE7BA4752912B22100A9E613 /* RealmManager.swift */,
			);
			path = Realm;
			sourceTree = "<group>";
		};
		CE7E65D9290B0C5500621DB6 = {
			isa = PBXGroup;
			children = (
				CE7E65E4290B0C5500621DB6 /* PokeProject */,
				CE7E65E3290B0C5500621DB6 /* Products */,
				817CCE94E10E29CC100C8DA7 /* Pods */,
				9E21E71E287A2F09E0AF5DE4 /* Frameworks */,
			);
			sourceTree = "<group>";
		};
		CE7E65E3290B0C5500621DB6 /* Products */ = {
			isa = PBXGroup;
			children = (
				CE7E65E2290B0C5500621DB6 /* PokeProject.app */,
			);
			name = Products;
			sourceTree = "<group>";
		};
		CE7E65E4290B0C5500621DB6 /* PokeProject */ = {
			isa = PBXGroup;
			children = (
				CE7BA4722912B07D00A9E613 /* Realm */,
				CEEA33A62911D9FA00659C6E /* Network */,
				CE47BBA2290C0DC600F5956E /* Model */,
				CE47BBA4290C0E1400F5956E /* View */,
				CE47BBA7290C12BE00F5956E /* ViewModel */,
				CE25F14E291D21DE008FC96A /* Supporting Files */,
				CE7E65E5290B0C5500621DB6 /* AppDelegate.swift */,
				CE7E65E7290B0C5500621DB6 /* SceneDelegate.swift */,
				CE7E65F3290B0C5700621DB6 /* Info.plist */,
			);
			path = PokeProject;
			sourceTree = "<group>";
		};
		CEEA33A62911D9FA00659C6E /* Network */ = {
			isa = PBXGroup;
			children = (
				CEEA3391290FC3FE00659C6E /* NetworkManager.swift */,
				CEEA3395290FCB0E00659C6E /* NetworkDataFetcher.swift */,
				CEEA3393290FC64C00659C6E /* NamesListMainModel.swift */,
				CEEA33AE2911DF2E00659C6E /* DetailsNetworkModel.swift */,
				CEE186332912BAEB0036B89F /* NetworkMonitor.swift */,
			);
			path = Network;
			sourceTree = "<group>";
		};
		CEEA33A72911DA7F00659C6E /* Storyboards */ = {
			isa = PBXGroup;
			children = (
				CE7E65EB290B0C5500621DB6 /* Main.storyboard */,
				CE7E65F0290B0C5700621DB6 /* LaunchScreen.storyboard */,
			);
			path = Storyboards;
			sourceTree = "<group>";
		};
/* End PBXGroup section */

/* Begin PBXNativeTarget section */
		CE7E65E1290B0C5500621DB6 /* PokeProject */ = {
			isa = PBXNativeTarget;
			buildConfigurationList = CE7E65F6290B0C5700621DB6 /* Build configuration list for PBXNativeTarget "PokeProject" */;
			buildPhases = (
				D9A0C45A161F347C36954207 /* [CP] Check Pods Manifest.lock */,
				CE7E65DE290B0C5500621DB6 /* Sources */,
				CE7E65DF290B0C5500621DB6 /* Frameworks */,
				CE7E65E0290B0C5500621DB6 /* Resources */,
				CE02D1FF290C0079008C3321 /* SwiftLint Start */,
				8A4CD5C2B0A849F3AA6E9084 /* [CP] Embed Pods Frameworks */,
			);
			buildRules = (
			);
			dependencies = (
			);
			name = PokeProject;
			productName = PokeProject;
			productReference = CE7E65E2290B0C5500621DB6 /* PokeProject.app */;
			productType = "com.apple.product-type.application";
		};
/* End PBXNativeTarget section */

/* Begin PBXProject section */
		CE7E65DA290B0C5500621DB6 /* Project object */ = {
			isa = PBXProject;
			attributes = {
				BuildIndependentTargetsInParallel = 1;
				LastSwiftUpdateCheck = 1400;
				LastUpgradeCheck = 1400;
				TargetAttributes = {
					CE7E65E1290B0C5500621DB6 = {
						CreatedOnToolsVersion = 14.0.1;
					};
				};
			};
			buildConfigurationList = CE7E65DD290B0C5500621DB6 /* Build configuration list for PBXProject "PokeProject" */;
			compatibilityVersion = "Xcode 14.0";
			developmentRegion = en;
			hasScannedForEncodings = 0;
			knownRegions = (
				en,
				Base,
				ru,
			);
			mainGroup = CE7E65D9290B0C5500621DB6;
			productRefGroup = CE7E65E3290B0C5500621DB6 /* Products */;
			projectDirPath = "";
			projectRoot = "";
			targets = (
				CE7E65E1290B0C5500621DB6 /* PokeProject */,
			);
		};
/* End PBXProject section */

/* Begin PBXResourcesBuildPhase section */
		CE7E65E0290B0C5500621DB6 /* Resources */ = {
			isa = PBXResourcesBuildPhase;
			buildActionMask = 2147483647;
			files = (
				CE47BBAC290C1AAC00F5956E /* Main.storyboard in Resources */,
				CE25F156291D2399008FC96A /* Localizable.strings in Resources */,
				CE7E65F2290B0C5700621DB6 /* LaunchScreen.storyboard in Resources */,
				CE7E65EF290B0C5700621DB6 /* Assets.xcassets in Resources */,
			);
			runOnlyForDeploymentPostprocessing = 0;
		};
/* End PBXResourcesBuildPhase section */

/* Begin PBXShellScriptBuildPhase section */
		8A4CD5C2B0A849F3AA6E9084 /* [CP] Embed Pods Frameworks */ = {
			isa = PBXShellScriptBuildPhase;
			buildActionMask = 2147483647;
			files = (
			);
			inputFileListPaths = (
				"${PODS_ROOT}/Target Support Files/Pods-PokeProject/Pods-PokeProject-frameworks-${CONFIGURATION}-input-files.xcfilelist",
			);
			name = "[CP] Embed Pods Frameworks";
			outputFileListPaths = (
				"${PODS_ROOT}/Target Support Files/Pods-PokeProject/Pods-PokeProject-frameworks-${CONFIGURATION}-output-files.xcfilelist",
			);
			runOnlyForDeploymentPostprocessing = 0;
			shellPath = /bin/sh;
			shellScript = "\"${PODS_ROOT}/Target Support Files/Pods-PokeProject/Pods-PokeProject-frameworks.sh\"\n";
			showEnvVarsInLog = 0;
		};
		CE02D1FF290C0079008C3321 /* SwiftLint Start */ = {
			isa = PBXShellScriptBuildPhase;
			alwaysOutOfDate = 1;
			buildActionMask = 2147483647;
			files = (
			);
			inputFileListPaths = (
			);
			inputPaths = (
			);
			name = "SwiftLint Start";
			outputFileListPaths = (
			);
			outputPaths = (
			);
			runOnlyForDeploymentPostprocessing = 0;
			shellPath = /bin/sh;
			shellScript = "# Type a script or drag a script file from your workspace to insert its path.\n\"${PODS_ROOT}/SwiftLint/swiftlint\"\n";
		};
		D9A0C45A161F347C36954207 /* [CP] Check Pods Manifest.lock */ = {
			isa = PBXShellScriptBuildPhase;
			buildActionMask = 2147483647;
			files = (
			);
			inputFileListPaths = (
			);
			inputPaths = (
				"${PODS_PODFILE_DIR_PATH}/Podfile.lock",
				"${PODS_ROOT}/Manifest.lock",
			);
			name = "[CP] Check Pods Manifest.lock";
			outputFileListPaths = (
			);
			outputPaths = (
				"$(DERIVED_FILE_DIR)/Pods-PokeProject-checkManifestLockResult.txt",
			);
			runOnlyForDeploymentPostprocessing = 0;
			shellPath = /bin/sh;
			shellScript = "diff \"${PODS_PODFILE_DIR_PATH}/Podfile.lock\" \"${PODS_ROOT}/Manifest.lock\" > /dev/null\nif [ $? != 0 ] ; then\n    # print error to STDERR\n    echo \"error: The sandbox is not in sync with the Podfile.lock. Run 'pod install' or update your CocoaPods installation.\" >&2\n    exit 1\nfi\n# This output is used by Xcode 'outputs' to avoid re-running this script phase.\necho \"SUCCESS\" > \"${SCRIPT_OUTPUT_FILE_0}\"\n";
			showEnvVarsInLog = 0;
		};
/* End PBXShellScriptBuildPhase section */

/* Begin PBXSourcesBuildPhase section */
		CE7E65DE290B0C5500621DB6 /* Sources */ = {
			isa = PBXSourcesBuildPhase;
			buildActionMask = 2147483647;
			files = (
				CEEA3396290FCB0E00659C6E /* NetworkDataFetcher.swift in Sources */,
				CE47BB9D290C0A2000F5956E /* NamesListModel.swift in Sources */,
				CEEA33AD2911DE0300659C6E /* DetailsViewModel.swift in Sources */,
				CEEA33B12911E81800659C6E /* DetailsModel.swift in Sources */,
				CEEA33A52911D1F300659C6E /* NamesListViewModel.swift in Sources */,
				CEEA3394290FC64C00659C6E /* NamesListMainModel.swift in Sources */,
				CEEA33AF2911DF2E00659C6E /* DetailsNetworkModel.swift in Sources */,
				CE7BA4742912B13400A9E613 /* RealmPokeModel.swift in Sources */,
				CE47BB9F290C0C0300F5956E /* NamesListTableViewModel.swift in Sources */,
				CEEA33B32912913100659C6E /* UIIamgeViewExtension.swift in Sources */,
				CEEA3392290FC3FE00659C6E /* NetworkManager.swift in Sources */,
				CE7E65E6290B0C5500621DB6 /* AppDelegate.swift in Sources */,
				CE47BBA6290C0F6400F5956E /* NamesListTableViewCell.swift in Sources */,
				CE47BBA9290C12E800F5956E /* NamesListTableViewCellViewModel.swift in Sources */,
				CE7E65E8290B0C5500621DB6 /* SceneDelegate.swift in Sources */,
				CE47BBAD290C1B8D00F5956E /* NamesListVC.swift in Sources */,
				CE25F151291D223B008FC96A /* StringOperator.swift in Sources */,
				CEEA33AB2911DB4400659C6E /* DetailsVC.swift in Sources */,
				CE7BA4762912B22100A9E613 /* RealmManager.swift in Sources */,
				CE47BBAB290C136F00F5956E /* TableViewCellViewModelType.swift in Sources */,
				CEE186342912BAEB0036B89F /* NetworkMonitor.swift in Sources */,
				CE47BBA1290C0CF300F5956E /* TableViewModelType.swift in Sources */,
			);
			runOnlyForDeploymentPostprocessing = 0;
		};
/* End PBXSourcesBuildPhase section */

/* Begin PBXVariantGroup section */
		CE25F158291D2399008FC96A /* Localizable.strings */ = {
			isa = PBXVariantGroup;
			children = (
				CE25F157291D2399008FC96A /* en */,
				CE25F159291D239E008FC96A /* ru */,
			);
			name = Localizable.strings;
			sourceTree = "<group>";
		};
		CE7E65EB290B0C5500621DB6 /* Main.storyboard */ = {
			isa = PBXVariantGroup;
			children = (
				CE7E65EC290B0C5500621DB6 /* Base */,
				CE25F152291D22CE008FC96A /* ru */,
			);
			name = Main.storyboard;
			sourceTree = "<group>";
		};
		CE7E65F0290B0C5700621DB6 /* LaunchScreen.storyboard */ = {
			isa = PBXVariantGroup;
			children = (
				CE7E65F1290B0C5700621DB6 /* Base */,
				CE25F153291D22CF008FC96A /* ru */,
			);
			name = LaunchScreen.storyboard;
			sourceTree = "<group>";
		};
/* End PBXVariantGroup section */

/* Begin XCBuildConfiguration section */
		CE7E65F4290B0C5700621DB6 /* Debug */ = {
			isa = XCBuildConfiguration;
			buildSettings = {
				ALWAYS_SEARCH_USER_PATHS = NO;
				CLANG_ANALYZER_LOCALIZABILITY_NONLOCALIZED = YES;
				CLANG_ANALYZER_NONNULL = YES;
				CLANG_ANALYZER_NUMBER_OBJECT_CONVERSION = YES_AGGRESSIVE;
				CLANG_CXX_LANGUAGE_STANDARD = "gnu++20";
				CLANG_ENABLE_MODULES = YES;
				CLANG_ENABLE_OBJC_ARC = YES;
				CLANG_ENABLE_OBJC_WEAK = YES;
				CLANG_WARN_BLOCK_CAPTURE_AUTORELEASING = YES;
				CLANG_WARN_BOOL_CONVERSION = YES;
				CLANG_WARN_COMMA = YES;
				CLANG_WARN_CONSTANT_CONVERSION = YES;
				CLANG_WARN_DEPRECATED_OBJC_IMPLEMENTATIONS = YES;
				CLANG_WARN_DIRECT_OBJC_ISA_USAGE = YES_ERROR;
				CLANG_WARN_DOCUMENTATION_COMMENTS = YES;
				CLANG_WARN_EMPTY_BODY = YES;
				CLANG_WARN_ENUM_CONVERSION = YES;
				CLANG_WARN_INFINITE_RECURSION = YES;
				CLANG_WARN_INT_CONVERSION = YES;
				CLANG_WARN_NON_LITERAL_NULL_CONVERSION = YES;
				CLANG_WARN_OBJC_IMPLICIT_RETAIN_SELF = YES;
				CLANG_WARN_OBJC_LITERAL_CONVERSION = YES;
				CLANG_WARN_OBJC_ROOT_CLASS = YES_ERROR;
				CLANG_WARN_QUOTED_INCLUDE_IN_FRAMEWORK_HEADER = YES;
				CLANG_WARN_RANGE_LOOP_ANALYSIS = YES;
				CLANG_WARN_STRICT_PROTOTYPES = YES;
				CLANG_WARN_SUSPICIOUS_MOVE = YES;
				CLANG_WARN_UNGUARDED_AVAILABILITY = YES_AGGRESSIVE;
				CLANG_WARN_UNREACHABLE_CODE = YES;
				CLANG_WARN__DUPLICATE_METHOD_MATCH = YES;
				COPY_PHASE_STRIP = NO;
				DEBUG_INFORMATION_FORMAT = dwarf;
				ENABLE_STRICT_OBJC_MSGSEND = YES;
				ENABLE_TESTABILITY = YES;
				GCC_C_LANGUAGE_STANDARD = gnu11;
				GCC_DYNAMIC_NO_PIC = NO;
				GCC_NO_COMMON_BLOCKS = YES;
				GCC_OPTIMIZATION_LEVEL = 0;
				GCC_PREPROCESSOR_DEFINITIONS = (
					"DEBUG=1",
					"$(inherited)",
				);
				GCC_WARN_64_TO_32_BIT_CONVERSION = YES;
				GCC_WARN_ABOUT_RETURN_TYPE = YES_ERROR;
				GCC_WARN_UNDECLARED_SELECTOR = YES;
				GCC_WARN_UNINITIALIZED_AUTOS = YES_AGGRESSIVE;
				GCC_WARN_UNUSED_FUNCTION = YES;
				GCC_WARN_UNUSED_VARIABLE = YES;
				IPHONEOS_DEPLOYMENT_TARGET = 15.0;
				MTL_ENABLE_DEBUG_INFO = INCLUDE_SOURCE;
				MTL_FAST_MATH = YES;
				ONLY_ACTIVE_ARCH = YES;
				SDKROOT = iphoneos;
				SWIFT_ACTIVE_COMPILATION_CONDITIONS = DEBUG;
				SWIFT_OPTIMIZATION_LEVEL = "-Onone";
			};
			name = Debug;
		};
		CE7E65F5290B0C5700621DB6 /* Release */ = {
			isa = XCBuildConfiguration;
			buildSettings = {
				ALWAYS_SEARCH_USER_PATHS = NO;
				CLANG_ANALYZER_LOCALIZABILITY_NONLOCALIZED = YES;
				CLANG_ANALYZER_NONNULL = YES;
				CLANG_ANALYZER_NUMBER_OBJECT_CONVERSION = YES_AGGRESSIVE;
				CLANG_CXX_LANGUAGE_STANDARD = "gnu++20";
				CLANG_ENABLE_MODULES = YES;
				CLANG_ENABLE_OBJC_ARC = YES;
				CLANG_ENABLE_OBJC_WEAK = YES;
				CLANG_WARN_BLOCK_CAPTURE_AUTORELEASING = YES;
				CLANG_WARN_BOOL_CONVERSION = YES;
				CLANG_WARN_COMMA = YES;
				CLANG_WARN_CONSTANT_CONVERSION = YES;
				CLANG_WARN_DEPRECATED_OBJC_IMPLEMENTATIONS = YES;
				CLANG_WARN_DIRECT_OBJC_ISA_USAGE = YES_ERROR;
				CLANG_WARN_DOCUMENTATION_COMMENTS = YES;
				CLANG_WARN_EMPTY_BODY = YES;
				CLANG_WARN_ENUM_CONVERSION = YES;
				CLANG_WARN_INFINITE_RECURSION = YES;
				CLANG_WARN_INT_CONVERSION = YES;
				CLANG_WARN_NON_LITERAL_NULL_CONVERSION = YES;
				CLANG_WARN_OBJC_IMPLICIT_RETAIN_SELF = YES;
				CLANG_WARN_OBJC_LITERAL_CONVERSION = YES;
				CLANG_WARN_OBJC_ROOT_CLASS = YES_ERROR;
				CLANG_WARN_QUOTED_INCLUDE_IN_FRAMEWORK_HEADER = YES;
				CLANG_WARN_RANGE_LOOP_ANALYSIS = YES;
				CLANG_WARN_STRICT_PROTOTYPES = YES;
				CLANG_WARN_SUSPICIOUS_MOVE = YES;
				CLANG_WARN_UNGUARDED_AVAILABILITY = YES_AGGRESSIVE;
				CLANG_WARN_UNREACHABLE_CODE = YES;
				CLANG_WARN__DUPLICATE_METHOD_MATCH = YES;
				COPY_PHASE_STRIP = NO;
				DEBUG_INFORMATION_FORMAT = "dwarf-with-dsym";
				ENABLE_NS_ASSERTIONS = NO;
				ENABLE_STRICT_OBJC_MSGSEND = YES;
				GCC_C_LANGUAGE_STANDARD = gnu11;
				GCC_NO_COMMON_BLOCKS = YES;
				GCC_WARN_64_TO_32_BIT_CONVERSION = YES;
				GCC_WARN_ABOUT_RETURN_TYPE = YES_ERROR;
				GCC_WARN_UNDECLARED_SELECTOR = YES;
				GCC_WARN_UNINITIALIZED_AUTOS = YES_AGGRESSIVE;
				GCC_WARN_UNUSED_FUNCTION = YES;
				GCC_WARN_UNUSED_VARIABLE = YES;
				IPHONEOS_DEPLOYMENT_TARGET = 15.0;
				MTL_ENABLE_DEBUG_INFO = NO;
				MTL_FAST_MATH = YES;
				SDKROOT = iphoneos;
				SWIFT_COMPILATION_MODE = wholemodule;
				SWIFT_OPTIMIZATION_LEVEL = "-O";
				VALIDATE_PRODUCT = YES;
			};
			name = Release;
		};
		CE7E65F7290B0C5700621DB6 /* Debug */ = {
			isa = XCBuildConfiguration;
			baseConfigurationReference = A46F0CF8F28EE6BD312266B6 /* Pods-PokeProject.debug.xcconfig */;
			buildSettings = {
				ASSETCATALOG_COMPILER_APPICON_NAME = AppIcon;
				ASSETCATALOG_COMPILER_GLOBAL_ACCENT_COLOR_NAME = AccentColor;
				CODE_SIGN_STYLE = Automatic;
				CURRENT_PROJECT_VERSION = 1;
				DEVELOPMENT_TEAM = 7G2M5ZXQTQ;
				GENERATE_INFOPLIST_FILE = YES;
				INFOPLIST_FILE = PokeProject/Info.plist;
				INFOPLIST_KEY_UIApplicationSupportsIndirectInputEvents = YES;
				INFOPLIST_KEY_UILaunchStoryboardName = LaunchScreen;
				INFOPLIST_KEY_UIMainStoryboardFile = Main;
				INFOPLIST_KEY_UIStatusBarStyle = UIStatusBarStyleLightContent;
				INFOPLIST_KEY_UISupportedInterfaceOrientations = UIInterfaceOrientationPortrait;
				IPHONEOS_DEPLOYMENT_TARGET = 13.0;
				LD_RUNPATH_SEARCH_PATHS = (
					"$(inherited)",
					"@executable_path/Frameworks",
				);
				MARKETING_VERSION = 1.0;
				PRODUCT_BUNDLE_IDENTIFIER = Ulad.PokeProject;
				PRODUCT_NAME = "$(TARGET_NAME)";
				SWIFT_EMIT_LOC_STRINGS = YES;
				SWIFT_VERSION = 5.0;
				TARGETED_DEVICE_FAMILY = "1,2";
			};
			name = Debug;
		};
		CE7E65F8290B0C5700621DB6 /* Release */ = {
			isa = XCBuildConfiguration;
			baseConfigurationReference = 8E5723AEAF8BBD8BEB055130 /* Pods-PokeProject.release.xcconfig */;
			buildSettings = {
				ASSETCATALOG_COMPILER_APPICON_NAME = AppIcon;
				ASSETCATALOG_COMPILER_GLOBAL_ACCENT_COLOR_NAME = AccentColor;
				CODE_SIGN_STYLE = Automatic;
				CURRENT_PROJECT_VERSION = 1;
				DEVELOPMENT_TEAM = 7G2M5ZXQTQ;
				GENERATE_INFOPLIST_FILE = YES;
				INFOPLIST_FILE = PokeProject/Info.plist;
				INFOPLIST_KEY_UIApplicationSupportsIndirectInputEvents = YES;
				INFOPLIST_KEY_UILaunchStoryboardName = LaunchScreen;
				INFOPLIST_KEY_UIMainStoryboardFile = Main;
				INFOPLIST_KEY_UIStatusBarStyle = UIStatusBarStyleLightContent;
				INFOPLIST_KEY_UISupportedInterfaceOrientations = UIInterfaceOrientationPortrait;
				IPHONEOS_DEPLOYMENT_TARGET = 13.0;
				LD_RUNPATH_SEARCH_PATHS = (
					"$(inherited)",
					"@executable_path/Frameworks",
				);
				MARKETING_VERSION = 1.0;
				PRODUCT_BUNDLE_IDENTIFIER = Ulad.PokeProject;
				PRODUCT_NAME = "$(TARGET_NAME)";
				SWIFT_EMIT_LOC_STRINGS = YES;
				SWIFT_VERSION = 5.0;
				TARGETED_DEVICE_FAMILY = "1,2";
			};
			name = Release;
		};
/* End XCBuildConfiguration section */

/* Begin XCConfigurationList section */
		CE7E65DD290B0C5500621DB6 /* Build configuration list for PBXProject "PokeProject" */ = {
			isa = XCConfigurationList;
			buildConfigurations = (
				CE7E65F4290B0C5700621DB6 /* Debug */,
				CE7E65F5290B0C5700621DB6 /* Release */,
			);
			defaultConfigurationIsVisible = 0;
			defaultConfigurationName = Release;
		};
		CE7E65F6290B0C5700621DB6 /* Build configuration list for PBXNativeTarget "PokeProject" */ = {
			isa = XCConfigurationList;
			buildConfigurations = (
				CE7E65F7290B0C5700621DB6 /* Debug */,
				CE7E65F8290B0C5700621DB6 /* Release */,
			);
			defaultConfigurationIsVisible = 0;
			defaultConfigurationName = Release;
		};
/* End XCConfigurationList section */
	};
	rootObject = CE7E65DA290B0C5500621DB6 /* Project object */;
}
